
Microsoft Visual Studio Solution File, Format Version 12.00
# Visual Studio Version 17
VisualStudioVersion = 17.7.34221.43
MinimumVisualStudioVersion = 10.0.40219.1
Project("{2150E333-8FDC-42A3-9474-1A3956D46DE8}") = "src", "src", "{98F8847A-069E-42D4-8E21-B13E224DC2C7}"
EndProject
Project("{9A19103F-16F7-4668-BE54-9A1E7A4F7556}") = "EventsManagement.DataObjects", "src\EventsManagement.DataObjects\EventsManagement.DataObjects.csproj", "{3F455D31-FE26-4626-9B59-1FF5818C3C9F}"
EndProject
Project("{00D1A9C2-B5F0-4AF3-8072-F6C62B433612}") = "EventsManagement.Database", "src\EventsManagement.Database\EventsManagement.Database.sqlproj", "{50CB93A1-B92E-4CA0-914D-C5D588FE6B63}"
EndProject
Project("{2150E333-8FDC-42A3-9474-1A3956D46DE8}") = "tests", "tests", "{C081DA5D-F97F-4D68-BB0B-E988A161CB4C}"
EndProject
Project("{9A19103F-16F7-4668-BE54-9A1E7A4F7556}") = "EventsManagement.DataAccess", "src\EventsManagement.DataAccess\EventsManagement.DataAccess.csproj", "{F61672E1-804A-4824-9195-9BE82DF2E36C}"
EndProject
Project("{9A19103F-16F7-4668-BE54-9A1E7A4F7556}") = "EventsManagement.BusinessLogic", "src\EventsManagement.BusinessLogic\EventsManagement.BusinessLogic.csproj", "{BD1258C5-3187-4977-95F4-4906A5403FDC}"
EndProject
Project("{9A19103F-16F7-4668-BE54-9A1E7A4F7556}") = "EventsManagement.UnitTests", "tests\EventsManagement.UnitTests\EventsManagement.UnitTests.csproj", "{F850C5C7-A5E1-465D-AC1B-569802FF4014}"
EndProject
Project("{9A19103F-16F7-4668-BE54-9A1E7A4F7556}") = "EventsManagement.LocalTests", "tests\EventsManagement.LocalTests\EventsManagement.LocalTests.csproj", "{6083F978-09F7-404F-8CC0-ECD2BE697AB0}"
EndProject
Project("{FAE04EC0-301F-11D3-BF4B-00C04F79EFBC}") = "EventsManagement.WebAPI.Server", "src\EventsManagement.WebAPI.Server\EventsManagement.WebAPI.Server.csproj", "{9F67D539-BDFB-4C60-B02D-CEFEDCF0414E}"
EndProject
Project("{54A90642-561A-4BB1-A94E-469ADEE60C69}") = "EventsManagement.WebAPI.Client", "src\eventsmanagement.webapi.client\EventsManagement.WebAPI.Client.esproj", "{DDCD8FA8-FA53-4731-B373-01BEC95D25B7}"
EndProject
Global
	GlobalSection(SolutionConfigurationPlatforms) = preSolution
		Debug|Any CPU = Debug|Any CPU
		Release|Any CPU = Release|Any CPU
	EndGlobalSection
	GlobalSection(ProjectConfigurationPlatforms) = postSolution
		{3F455D31-FE26-4626-9B59-1FF5818C3C9F}.Debug|Any CPU.ActiveCfg = Debug|Any CPU
		{3F455D31-FE26-4626-9B59-1FF5818C3C9F}.Debug|Any CPU.Build.0 = Debug|Any CPU
		{3F455D31-FE26-4626-9B59-1FF5818C3C9F}.Release|Any CPU.ActiveCfg = Release|Any CPU
		{3F455D31-FE26-4626-9B59-1FF5818C3C9F}.Release|Any CPU.Build.0 = Release|Any CPU
		{50CB93A1-B92E-4CA0-914D-C5D588FE6B63}.Debug|Any CPU.ActiveCfg = Debug|Any CPU
		{50CB93A1-B92E-4CA0-914D-C5D588FE6B63}.Debug|Any CPU.Build.0 = Debug|Any CPU
		{50CB93A1-B92E-4CA0-914D-C5D588FE6B63}.Debug|Any CPU.Deploy.0 = Debug|Any CPU
		{50CB93A1-B92E-4CA0-914D-C5D588FE6B63}.Release|Any CPU.ActiveCfg = Release|Any CPU
		{50CB93A1-B92E-4CA0-914D-C5D588FE6B63}.Release|Any CPU.Build.0 = Release|Any CPU
		{50CB93A1-B92E-4CA0-914D-C5D588FE6B63}.Release|Any CPU.Deploy.0 = Release|Any CPU
		{F61672E1-804A-4824-9195-9BE82DF2E36C}.Debug|Any CPU.ActiveCfg = Debug|Any CPU
		{F61672E1-804A-4824-9195-9BE82DF2E36C}.Debug|Any CPU.Build.0 = Debug|Any CPU
		{F61672E1-804A-4824-9195-9BE82DF2E36C}.Release|Any CPU.ActiveCfg = Release|Any CPU
		{F61672E1-804A-4824-9195-9BE82DF2E36C}.Release|Any CPU.Build.0 = Release|Any CPU
		{BD1258C5-3187-4977-95F4-4906A5403FDC}.Debug|Any CPU.ActiveCfg = Debug|Any CPU
		{BD1258C5-3187-4977-95F4-4906A5403FDC}.Debug|Any CPU.Build.0 = Debug|Any CPU
		{BD1258C5-3187-4977-95F4-4906A5403FDC}.Release|Any CPU.ActiveCfg = Release|Any CPU
		{BD1258C5-3187-4977-95F4-4906A5403FDC}.Release|Any CPU.Build.0 = Release|Any CPU
		{F850C5C7-A5E1-465D-AC1B-569802FF4014}.Debug|Any CPU.ActiveCfg = Debug|Any CPU
		{F850C5C7-A5E1-465D-AC1B-569802FF4014}.Debug|Any CPU.Build.0 = Debug|Any CPU
		{F850C5C7-A5E1-465D-AC1B-569802FF4014}.Release|Any CPU.ActiveCfg = Release|Any CPU
		{F850C5C7-A5E1-465D-AC1B-569802FF4014}.Release|Any CPU.Build.0 = Release|Any CPU
		{6083F978-09F7-404F-8CC0-ECD2BE697AB0}.Debug|Any CPU.ActiveCfg = Debug|Any CPU
		{6083F978-09F7-404F-8CC0-ECD2BE697AB0}.Debug|Any CPU.Build.0 = Debug|Any CPU
		{6083F978-09F7-404F-8CC0-ECD2BE697AB0}.Release|Any CPU.ActiveCfg = Release|Any CPU
		{6083F978-09F7-404F-8CC0-ECD2BE697AB0}.Release|Any CPU.Build.0 = Release|Any CPU
		{9F67D539-BDFB-4C60-B02D-CEFEDCF0414E}.Debug|Any CPU.ActiveCfg = Debug|Any CPU
		{9F67D539-BDFB-4C60-B02D-CEFEDCF0414E}.Debug|Any CPU.Build.0 = Debug|Any CPU
		{9F67D539-BDFB-4C60-B02D-CEFEDCF0414E}.Release|Any CPU.ActiveCfg = Release|Any CPU
		{9F67D539-BDFB-4C60-B02D-CEFEDCF0414E}.Release|Any CPU.Build.0 = Release|Any CPU
		{DDCD8FA8-FA53-4731-B373-01BEC95D25B7}.Debug|Any CPU.ActiveCfg = Debug|Any CPU
		{DDCD8FA8-FA53-4731-B373-01BEC95D25B7}.Debug|Any CPU.Build.0 = Debug|Any CPU
		{DDCD8FA8-FA53-4731-B373-01BEC95D25B7}.Debug|Any CPU.Deploy.0 = Debug|Any CPU
		{DDCD8FA8-FA53-4731-B373-01BEC95D25B7}.Release|Any CPU.ActiveCfg = Release|Any CPU
		{DDCD8FA8-FA53-4731-B373-01BEC95D25B7}.Release|Any CPU.Build.0 = Release|Any CPU
		{DDCD8FA8-FA53-4731-B373-01BEC95D25B7}.Release|Any CPU.Deploy.0 = Release|Any CPU
	EndGlobalSection
	GlobalSection(SolutionProperties) = preSolution
		HideSolutionNode = FALSE
	EndGlobalSection
	GlobalSection(NestedProjects) = preSolution
		{3F455D31-FE26-4626-9B59-1FF5818C3C9F} = {98F8847A-069E-42D4-8E21-B13E224DC2C7}
		{50CB93A1-B92E-4CA0-914D-C5D588FE6B63} = {98F8847A-069E-42D4-8E21-B13E224DC2C7}
		{F61672E1-804A-4824-9195-9BE82DF2E36C} = {98F8847A-069E-42D4-8E21-B13E224DC2C7}
		{BD1258C5-3187-4977-95F4-4906A5403FDC} = {98F8847A-069E-42D4-8E21-B13E224DC2C7}
		{F850C5C7-A5E1-465D-AC1B-569802FF4014} = {C081DA5D-F97F-4D68-BB0B-E988A161CB4C}
		{6083F978-09F7-404F-8CC0-ECD2BE697AB0} = {C081DA5D-F97F-4D68-BB0B-E988A161CB4C}
		{9F67D539-BDFB-4C60-B02D-CEFEDCF0414E} = {98F8847A-069E-42D4-8E21-B13E224DC2C7}
		{DDCD8FA8-FA53-4731-B373-01BEC95D25B7} = {98F8847A-069E-42D4-8E21-B13E224DC2C7}
	EndGlobalSection
	GlobalSection(ExtensibilityGlobals) = postSolution
		SolutionGuid = {50B95854-A50B-4615-BE57-D395A813D356}
	EndGlobalSection
EndGlobal
